
Microsoft Visual Studio Solution File, Format Version 12.00
# Visual Studio Version 17
VisualStudioVersion = 17.0.31903.59
MinimumVisualStudioVersion = 10.0.40219.1
Project("{FAE04EC0-301F-11D3-BF4B-00C04F79EFBC}") = "KioskEmistr.Wpf", "src/KioskEmistr.Wpf/KioskEmistr.Wpf.csproj", "{B7D6D60D-7C24-4B97-9C6D-7C9A7F5A1A01}"
EndProject
Project("{FAE04EC0-301F-11D3-BF4B-00C04F79EFBC}") = "KioskEmistr.Core", "src/KioskEmistr.Core/KioskEmistr.Core.csproj", "{C1E2F310-4A8D-4B99-8A1C-0D3A2E6F7B88}"
EndProject
Project("{FAE04EC0-301F-11D3-BF4B-00C04F79EFBC}") = "KioskEmistr.Generator", "src/KioskEmistr.Generator/KioskEmistr.Generator.csproj", "{A3B99690-5299-4B69-A9B7-2A5C3A58B2AA}"
EndProject
Project("{FAE04EC0-301F-11D3-BF4B-00C04F79EFBC}") = "KioskEmistr.Generator.Wpf", "src/KioskEmistr.Generator.Wpf/KioskEmistr.Generator.Wpf.csproj", "{D4C05E21-5B9E-4C00-9B2D-1E4A3F7A8C99}"
EndProject
Global
	GlobalSection(SolutionConfigurationPlatforms) = preSolution
		Debug|Any CPU = Debug|Any CPU
		Release|Any CPU = Release|Any CPU
	EndGlobalSection
	GlobalSection(ProjectConfigurationPlatforms) = postSolution
		{B7D6D60D-7C24-4B97-9C6D-7C9A7F5A1A01}.Debug|Any CPU.ActiveCfg = Debug|Any CPU
		{B7D6D60D-7C24-4B97-9C6D-7C9A7F5A1A01}.Debug|Any CPU.Build.0 = Debug|Any CPU
		{B7D6D60D-7C24-4B97-9C6D-7C9A7F5A1A01}.Release|Any CPU.ActiveCfg = Release|Any CPU
		{B7D6D60D-7C24-4B97-9C6D-7C9A7F5A1A01}.Release|Any CPU.Build.0 = Release|Any CPU
		{A3B99690-5299-4B69-A9B7-2A5C3A58B2AA}.Debug|Any CPU.ActiveCfg = Debug|Any CPU
		{A3B99690-5299-4B69-A9B7-2A5C3A58B2AA}.Debug|Any CPU.Build.0 = Debug|Any CPU
		{A3B99690-5299-4B69-A9B7-2A5C3A58B2AA}.Release|Any CPU.ActiveCfg = Release|Any CPU
		{A3B99690-5299-4B69-A9B7-2A5C3A58B2AA}.Release|Any CPU.Build.0 = Release|Any CPU
		{C1E2F310-4A8D-4B99-8A1C-0D3A2E6F7B88}.Debug|Any CPU.ActiveCfg = Debug|Any CPU
		{C1E2F310-4A8D-4B99-8A1C-0D3A2E6F7B88}.Debug|Any CPU.Build.0 = Debug|Any CPU
		{C1E2F310-4A8D-4B99-8A1C-0D3A2E6F7B88}.Release|Any CPU.ActiveCfg = Release|Any CPU
		{C1E2F310-4A8D-4B99-8A1C-0D3A2E6F7B88}.Release|Any CPU.Build.0 = Release|Any CPU
		{D4C05E21-5B9E-4C00-9B2D-1E4A3F7A8C99}.Debug|Any CPU.ActiveCfg = Debug|Any CPU
		{D4C05E21-5B9E-4C00-9B2D-1E4A3F7A8C99}.Debug|Any CPU.Build.0 = Debug|Any CPU
		{D4C05E21-5B9E-4C00-9B2D-1E4A3F7A8C99}.Release|Any CPU.ActiveCfg = Release|Any CPU
		{D4C05E21-5B9E-4C00-9B2D-1E4A3F7A8C99}.Release|Any CPU.Build.0 = Release|Any CPU
	EndGlobalSection
	GlobalSection(SolutionProperties) = preSolution
		HideSolutionNode = FALSE
	EndGlobalSection
EndGlobal
